
Microsoft Visual Studio Solution File, Format Version 12.00
# Visual Studio Version 17
VisualStudioVersion = 17.0.31903.59
MinimumVisualStudioVersion = 10.0.40219.1
Project("{2150E333-8FDC-42A3-9474-1A3956D46DE8}") = "CompilerServices", "CompilerServices", "{C349E6FD-7612-4757-9534-1772DA3DEF22}"
EndProject
Project("{FAE04EC0-301F-11D3-BF4B-00C04F79EFBC}") = "Walk.CompilerServices.CSharp", "Source\Lib\CompilerServices\CSharp\Walk.CompilerServices.CSharp.csproj", "{7AFA2C7B-6812-491C-8E14-FF60DEAE1944}"
EndProject
Project("{FAE04EC0-301F-11D3-BF4B-00C04F79EFBC}") = "Walk.CompilerServices.CSharpProject", "Source\Lib\CompilerServices\CSharpProject\Walk.CompilerServices.CSharpProject.csproj", "{8680C9F6-6A74-49EF-9000-2E4EAAFB8DCB}"
EndProject
Project("{FAE04EC0-301F-11D3-BF4B-00C04F79EFBC}") = "Walk.CompilerServices.Css", "Source\Lib\CompilerServices\Css\Walk.CompilerServices.Css.csproj", "{978792EA-F1F8-44F2-B03B-9F6F71D5A95F}"
EndProject
Project("{FAE04EC0-301F-11D3-BF4B-00C04F79EFBC}") = "Walk.CompilerServices.DotNetSolution", "Source\Lib\CompilerServices\DotNetSolution\Walk.CompilerServices.DotNetSolution.csproj", "{18198C8B-97E7-407B-9CC1-8C269764A201}"
EndProject
Project("{FAE04EC0-301F-11D3-BF4B-00C04F79EFBC}") = "Walk.CompilerServices.Json", "Source\Lib\CompilerServices\Json\Walk.CompilerServices.Json.csproj", "{22F19EFC-08A5-43A2-B965-46464E4570DB}"
EndProject
Project("{FAE04EC0-301F-11D3-BF4B-00C04F79EFBC}") = "Walk.CompilerServices.Razor", "Source\Lib\CompilerServices\Razor\Walk.CompilerServices.Razor.csproj", "{2541E41B-712E-4E6E-8989-C4D55586200F}"
EndProject
Project("{FAE04EC0-301F-11D3-BF4B-00C04F79EFBC}") = "Walk.CompilerServices.Xml", "Source\Lib\CompilerServices\Xml\Walk.CompilerServices.Xml.csproj", "{12CA0485-91BC-48D2-92C4-DF554CBC01F4}"
EndProject
Project("{2150E333-8FDC-42A3-9474-1A3956D46DE8}") = "Hosts", "Hosts", "{40F16B13-36B6-4218-8A1E-8AFE6AB1F47F}"
EndProject
Project("{FAE04EC0-301F-11D3-BF4B-00C04F79EFBC}") = "Walk.Ide.Photino", "Source\Lib\Ide\Host.Photino\Walk.Ide.Photino.csproj", "{B1624D8B-88E8-4B1B-9925-2FB5A391FF72}"
EndProject
Project("{FAE04EC0-301F-11D3-BF4B-00C04F79EFBC}") = "Walk.Ide.ServerSide", "Source\Lib\Ide\Host.BlazorServerSide\Walk.Ide.ServerSide.csproj", "{4BE5EC2F-4200-4E21-A302-401067E28414}"
EndProject
Project("{FAE04EC0-301F-11D3-BF4B-00C04F79EFBC}") = "Walk.Ide.Wasm", "Source\Lib\Ide\Host.BlazorWebAssembly\Walk.Ide.Wasm.csproj", "{03E8BC56-2D1A-4C75-B4DD-97BF36B3AAF0}"
EndProject
Project("{2150E333-8FDC-42A3-9474-1A3956D46DE8}") = "Libs", "Libs", "{C47E896F-7C05-4493-B84D-3F761BF08324}"
EndProject
Project("{FAE04EC0-301F-11D3-BF4B-00C04F79EFBC}") = "Walk.Ide.RazorLib", "Source\Lib\Ide\Ide.RazorLib\Walk.Ide.RazorLib.csproj", "{7D1C7EB6-6968-4B02-974A-F7525BE93280}"
EndProject
Project("{FAE04EC0-301F-11D3-BF4B-00C04F79EFBC}") = "Walk.Common.RazorLib", "Source\Lib\Common\Walk.Common.RazorLib.csproj", "{44E5DAE0-8D7F-4A2B-93D6-5ECC64982B7C}"
EndProject
Project("{FAE04EC0-301F-11D3-BF4B-00C04F79EFBC}") = "Walk.TextEditor.RazorLib", "Source\Lib\TextEditor\Walk.TextEditor.RazorLib.csproj", "{CA9570C7-75A1-467F-B9DB-1889552699D4}"
EndProject
Project("{2150E333-8FDC-42A3-9474-1A3956D46DE8}") = "Extensions", "Extensions", "{46ED0C8E-DD29-4326-B114-1D94C008F95E}"
EndProject
Project("{FAE04EC0-301F-11D3-BF4B-00C04F79EFBC}") = "Walk.Website.RazorLib", "Source\Lib\Extensions\Extensions.Website\Walk.Website.RazorLib.csproj", "{6500EA55-6462-4422-9BED-A282CF2F2EA8}"
EndProject
Project("{FAE04EC0-301F-11D3-BF4B-00C04F79EFBC}") = "Walk.Extensions.CompilerServices", "Source\Lib\Extensions\Extensions.CompilerServices\Walk.Extensions.CompilerServices.csproj", "{BCED8D7E-47DF-4B18-9795-A3D1EA4FA047}"
EndProject
Project("{FAE04EC0-301F-11D3-BF4B-00C04F79EFBC}") = "Walk.Extensions.Config", "Source\Lib\Extensions\Extensions.Config\Walk.Extensions.Config.csproj", "{4B489B4C-4BA5-4243-8DCC-41046CF59493}"
EndProject
Project("{FAE04EC0-301F-11D3-BF4B-00C04F79EFBC}") = "Walk.Extensions.DotNet", "Source\Lib\Extensions\Extensions.DotNet\Walk.Extensions.DotNet.csproj", "{C38F13EE-DCEE-4D42-8827-3EFEAFF16638}"
EndProject
Project("{FAE04EC0-301F-11D3-BF4B-00C04F79EFBC}") = "Walk.CompilerServices.JavaScript", "Source\Lib\CompilerServices\JavaScript\Walk.CompilerServices.JavaScript\Walk.CompilerServices.JavaScript.csproj", "{335CBC4A-CC94-4C5D-81DF-D853417F48E5}"
EndProject
Project("{FAE04EC0-301F-11D3-BF4B-00C04F79EFBC}") = "Walk.Tests.csproj", "Source\Lib\Extensions\Extensions.Tests\Walk.Tests.csproj.csproj", "{ABDEDE81-24D7-4972-9B79-751F4370E24F}"
EndProject
Global
	GlobalSection(SolutionConfigurationPlatforms) = preSolution
		Debug|Any CPU = Debug|Any CPU
		Release|Any CPU = Release|Any CPU
	EndGlobalSection
	GlobalSection(SolutionProperties) = preSolution
		HideSolutionNode = FALSE
	EndGlobalSection
	GlobalSection(ProjectConfigurationPlatforms) = postSolution
		{7AFA2C7B-6812-491C-8E14-FF60DEAE1944}.Debug|Any CPU.ActiveCfg = Debug|Any CPU
		{7AFA2C7B-6812-491C-8E14-FF60DEAE1944}.Debug|Any CPU.Build.0 = Debug|Any CPU
		{7AFA2C7B-6812-491C-8E14-FF60DEAE1944}.Release|Any CPU.ActiveCfg = Release|Any CPU
		{7AFA2C7B-6812-491C-8E14-FF60DEAE1944}.Release|Any CPU.Build.0 = Release|Any CPU
		{8680C9F6-6A74-49EF-9000-2E4EAAFB8DCB}.Debug|Any CPU.ActiveCfg = Debug|Any CPU
		{8680C9F6-6A74-49EF-9000-2E4EAAFB8DCB}.Debug|Any CPU.Build.0 = Debug|Any CPU
		{8680C9F6-6A74-49EF-9000-2E4EAAFB8DCB}.Release|Any CPU.ActiveCfg = Release|Any CPU
		{8680C9F6-6A74-49EF-9000-2E4EAAFB8DCB}.Release|Any CPU.Build.0 = Release|Any CPU
		{978792EA-F1F8-44F2-B03B-9F6F71D5A95F}.Debug|Any CPU.ActiveCfg = Debug|Any CPU
		{978792EA-F1F8-44F2-B03B-9F6F71D5A95F}.Debug|Any CPU.Build.0 = Debug|Any CPU
		{978792EA-F1F8-44F2-B03B-9F6F71D5A95F}.Release|Any CPU.ActiveCfg = Release|Any CPU
		{978792EA-F1F8-44F2-B03B-9F6F71D5A95F}.Release|Any CPU.Build.0 = Release|Any CPU
		{18198C8B-97E7-407B-9CC1-8C269764A201}.Debug|Any CPU.ActiveCfg = Debug|Any CPU
		{18198C8B-97E7-407B-9CC1-8C269764A201}.Debug|Any CPU.Build.0 = Debug|Any CPU
		{18198C8B-97E7-407B-9CC1-8C269764A201}.Release|Any CPU.ActiveCfg = Release|Any CPU
		{18198C8B-97E7-407B-9CC1-8C269764A201}.Release|Any CPU.Build.0 = Release|Any CPU
		{22F19EFC-08A5-43A2-B965-46464E4570DB}.Debug|Any CPU.ActiveCfg = Debug|Any CPU
		{22F19EFC-08A5-43A2-B965-46464E4570DB}.Debug|Any CPU.Build.0 = Debug|Any CPU
		{22F19EFC-08A5-43A2-B965-46464E4570DB}.Release|Any CPU.ActiveCfg = Release|Any CPU
		{22F19EFC-08A5-43A2-B965-46464E4570DB}.Release|Any CPU.Build.0 = Release|Any CPU
		{2541E41B-712E-4E6E-8989-C4D55586200F}.Debug|Any CPU.ActiveCfg = Debug|Any CPU
		{2541E41B-712E-4E6E-8989-C4D55586200F}.Debug|Any CPU.Build.0 = Debug|Any CPU
		{2541E41B-712E-4E6E-8989-C4D55586200F}.Release|Any CPU.ActiveCfg = Release|Any CPU
		{2541E41B-712E-4E6E-8989-C4D55586200F}.Release|Any CPU.Build.0 = Release|Any CPU
		{12CA0485-91BC-48D2-92C4-DF554CBC01F4}.Debug|Any CPU.ActiveCfg = Debug|Any CPU
		{12CA0485-91BC-48D2-92C4-DF554CBC01F4}.Debug|Any CPU.Build.0 = Debug|Any CPU
		{12CA0485-91BC-48D2-92C4-DF554CBC01F4}.Release|Any CPU.ActiveCfg = Release|Any CPU
		{12CA0485-91BC-48D2-92C4-DF554CBC01F4}.Release|Any CPU.Build.0 = Release|Any CPU
		{B1624D8B-88E8-4B1B-9925-2FB5A391FF72}.Debug|Any CPU.ActiveCfg = Debug|Any CPU
		{B1624D8B-88E8-4B1B-9925-2FB5A391FF72}.Debug|Any CPU.Build.0 = Debug|Any CPU
		{B1624D8B-88E8-4B1B-9925-2FB5A391FF72}.Release|Any CPU.ActiveCfg = Release|Any CPU
		{B1624D8B-88E8-4B1B-9925-2FB5A391FF72}.Release|Any CPU.Build.0 = Release|Any CPU
		{4BE5EC2F-4200-4E21-A302-401067E28414}.Debug|Any CPU.ActiveCfg = Debug|Any CPU
		{4BE5EC2F-4200-4E21-A302-401067E28414}.Debug|Any CPU.Build.0 = Debug|Any CPU
		{4BE5EC2F-4200-4E21-A302-401067E28414}.Release|Any CPU.ActiveCfg = Release|Any CPU
		{4BE5EC2F-4200-4E21-A302-401067E28414}.Release|Any CPU.Build.0 = Release|Any CPU
		{03E8BC56-2D1A-4C75-B4DD-97BF36B3AAF0}.Debug|Any CPU.ActiveCfg = Debug|Any CPU
		{03E8BC56-2D1A-4C75-B4DD-97BF36B3AAF0}.Debug|Any CPU.Build.0 = Debug|Any CPU
		{03E8BC56-2D1A-4C75-B4DD-97BF36B3AAF0}.Release|Any CPU.ActiveCfg = Release|Any CPU
		{03E8BC56-2D1A-4C75-B4DD-97BF36B3AAF0}.Release|Any CPU.Build.0 = Release|Any CPU
		{7D1C7EB6-6968-4B02-974A-F7525BE93280}.Debug|Any CPU.ActiveCfg = Debug|Any CPU
		{7D1C7EB6-6968-4B02-974A-F7525BE93280}.Debug|Any CPU.Build.0 = Debug|Any CPU
		{7D1C7EB6-6968-4B02-974A-F7525BE93280}.Release|Any CPU.ActiveCfg = Release|Any CPU
		{7D1C7EB6-6968-4B02-974A-F7525BE93280}.Release|Any CPU.Build.0 = Release|Any CPU
		{44E5DAE0-8D7F-4A2B-93D6-5ECC64982B7C}.Debug|Any CPU.ActiveCfg = Debug|Any CPU
		{44E5DAE0-8D7F-4A2B-93D6-5ECC64982B7C}.Debug|Any CPU.Build.0 = Debug|Any CPU
		{44E5DAE0-8D7F-4A2B-93D6-5ECC64982B7C}.Release|Any CPU.ActiveCfg = Release|Any CPU
		{44E5DAE0-8D7F-4A2B-93D6-5ECC64982B7C}.Release|Any CPU.Build.0 = Release|Any CPU
		{CA9570C7-75A1-467F-B9DB-1889552699D4}.Debug|Any CPU.ActiveCfg = Debug|Any CPU
		{CA9570C7-75A1-467F-B9DB-1889552699D4}.Debug|Any CPU.Build.0 = Debug|Any CPU
		{CA9570C7-75A1-467F-B9DB-1889552699D4}.Release|Any CPU.ActiveCfg = Release|Any CPU
		{CA9570C7-75A1-467F-B9DB-1889552699D4}.Release|Any CPU.Build.0 = Release|Any CPU
		{6500EA55-6462-4422-9BED-A282CF2F2EA8}.Debug|Any CPU.ActiveCfg = Debug|Any CPU
		{6500EA55-6462-4422-9BED-A282CF2F2EA8}.Debug|Any CPU.Build.0 = Debug|Any CPU
		{6500EA55-6462-4422-9BED-A282CF2F2EA8}.Release|Any CPU.ActiveCfg = Release|Any CPU
		{6500EA55-6462-4422-9BED-A282CF2F2EA8}.Release|Any CPU.Build.0 = Release|Any CPU
		{BCED8D7E-47DF-4B18-9795-A3D1EA4FA047}.Debug|Any CPU.ActiveCfg = Debug|Any CPU
		{BCED8D7E-47DF-4B18-9795-A3D1EA4FA047}.Debug|Any CPU.Build.0 = Debug|Any CPU
		{BCED8D7E-47DF-4B18-9795-A3D1EA4FA047}.Release|Any CPU.ActiveCfg = Release|Any CPU
		{BCED8D7E-47DF-4B18-9795-A3D1EA4FA047}.Release|Any CPU.Build.0 = Release|Any CPU
		{4B489B4C-4BA5-4243-8DCC-41046CF59493}.Debug|Any CPU.ActiveCfg = Debug|Any CPU
		{4B489B4C-4BA5-4243-8DCC-41046CF59493}.Debug|Any CPU.Build.0 = Debug|Any CPU
		{4B489B4C-4BA5-4243-8DCC-41046CF59493}.Release|Any CPU.ActiveCfg = Release|Any CPU
		{4B489B4C-4BA5-4243-8DCC-41046CF59493}.Release|Any CPU.Build.0 = Release|Any CPU
		{C38F13EE-DCEE-4D42-8827-3EFEAFF16638}.Debug|Any CPU.ActiveCfg = Debug|Any CPU
		{C38F13EE-DCEE-4D42-8827-3EFEAFF16638}.Debug|Any CPU.Build.0 = Debug|Any CPU
		{C38F13EE-DCEE-4D42-8827-3EFEAFF16638}.Release|Any CPU.ActiveCfg = Release|Any CPU
		{C38F13EE-DCEE-4D42-8827-3EFEAFF16638}.Release|Any CPU.Build.0 = Release|Any CPU
		{335CBC4A-CC94-4C5D-81DF-D853417F48E5}.Debug|Any CPU.ActiveCfg = Debug|Any CPU
		{335CBC4A-CC94-4C5D-81DF-D853417F48E5}.Debug|Any CPU.Build.0 = Debug|Any CPU
		{335CBC4A-CC94-4C5D-81DF-D853417F48E5}.Release|Any CPU.ActiveCfg = Release|Any CPU
		{335CBC4A-CC94-4C5D-81DF-D853417F48E5}.Release|Any CPU.Build.0 = Release|Any CPU
		{ABDEDE81-24D7-4972-9B79-751F4370E24F}.Debug|Any CPU.ActiveCfg = Debug|Any CPU
		{ABDEDE81-24D7-4972-9B79-751F4370E24F}.Debug|Any CPU.Build.0 = Debug|Any CPU
		{ABDEDE81-24D7-4972-9B79-751F4370E24F}.Release|Any CPU.ActiveCfg = Release|Any CPU
		{ABDEDE81-24D7-4972-9B79-751F4370E24F}.Release|Any CPU.Build.0 = Release|Any CPU
	EndGlobalSection
	GlobalSection(NestedProjects) = preSolution
		{7AFA2C7B-6812-491C-8E14-FF60DEAE1944} = {C349E6FD-7612-4757-9534-1772DA3DEF22}
		{8680C9F6-6A74-49EF-9000-2E4EAAFB8DCB} = {C349E6FD-7612-4757-9534-1772DA3DEF22}
		{978792EA-F1F8-44F2-B03B-9F6F71D5A95F} = {C349E6FD-7612-4757-9534-1772DA3DEF22}
		{18198C8B-97E7-407B-9CC1-8C269764A201} = {C349E6FD-7612-4757-9534-1772DA3DEF22}
		{22F19EFC-08A5-43A2-B965-46464E4570DB} = {C349E6FD-7612-4757-9534-1772DA3DEF22}
		{2541E41B-712E-4E6E-8989-C4D55586200F} = {C349E6FD-7612-4757-9534-1772DA3DEF22}
		{12CA0485-91BC-48D2-92C4-DF554CBC01F4} = {C349E6FD-7612-4757-9534-1772DA3DEF22}
		{B1624D8B-88E8-4B1B-9925-2FB5A391FF72} = {40F16B13-36B6-4218-8A1E-8AFE6AB1F47F}
		{4BE5EC2F-4200-4E21-A302-401067E28414} = {40F16B13-36B6-4218-8A1E-8AFE6AB1F47F}
		{03E8BC56-2D1A-4C75-B4DD-97BF36B3AAF0} = {40F16B13-36B6-4218-8A1E-8AFE6AB1F47F}
		{7D1C7EB6-6968-4B02-974A-F7525BE93280} = {C47E896F-7C05-4493-B84D-3F761BF08324}
		{44E5DAE0-8D7F-4A2B-93D6-5ECC64982B7C} = {C47E896F-7C05-4493-B84D-3F761BF08324}
		{CA9570C7-75A1-467F-B9DB-1889552699D4} = {C47E896F-7C05-4493-B84D-3F761BF08324}
		{6500EA55-6462-4422-9BED-A282CF2F2EA8} = {46ED0C8E-DD29-4326-B114-1D94C008F95E}
		{BCED8D7E-47DF-4B18-9795-A3D1EA4FA047} = {46ED0C8E-DD29-4326-B114-1D94C008F95E}
		{4B489B4C-4BA5-4243-8DCC-41046CF59493} = {46ED0C8E-DD29-4326-B114-1D94C008F95E}
		{C38F13EE-DCEE-4D42-8827-3EFEAFF16638} = {46ED0C8E-DD29-4326-B114-1D94C008F95E}
		{335CBC4A-CC94-4C5D-81DF-D853417F48E5} = {C349E6FD-7612-4757-9534-1772DA3DEF22}
		{ABDEDE81-24D7-4972-9B79-751F4370E24F} = {46ED0C8E-DD29-4326-B114-1D94C008F95E}
	EndGlobalSection
EndGlobal
